Microsoft Visual Studio Solution File, Format Version 11.00
# Visual Studio 2008

Project("{D9757505-45AC-4DB3-FA4A-2E16D4BF1CCB}") = "SpiritOfTheMaize", "Assembly-CSharp.csproj", "{B0450B23-BE36-FF8F-69AD-BF638FBDC1B9}"
EndProject
Global
	GlobalSection(SolutionConfigurationPlatforms) = preSolution
		Debug|Any CPU = Debug|Any CPU
		Release|Any CPU = Release|Any CPU
	EndGlobalSection
	GlobalSection(ProjectConfigurationPlatforms) = postSolution
		{B0450B23-BE36-FF8F-69AD-BF638FBDC1B9}.Debug|Any CPU.ActiveCfg = Debug|Any CPU
		{B0450B23-BE36-FF8F-69AD-BF638FBDC1B9}.Debug|Any CPU.Build.0 = Debug|Any CPU
		{B0450B23-BE36-FF8F-69AD-BF638FBDC1B9}.Release|Any CPU.ActiveCfg = Release|Any CPU
		{B0450B23-BE36-FF8F-69AD-BF638FBDC1B9}.Release|Any CPU.Build.0 = Release|Any CPU
	EndGlobalSection
	GlobalSection(SolutionProperties) = preSolution
		HideSolutionNode = FALSE
	EndGlobalSection
	GlobalSection(MonoDevelopProperties) = preSolution
		StartupItem = Assembly-CSharp.csproj
	EndGlobalSection
EndGlobal
